
Microsoft Visual Studio Solution File, Format Version 12.00
# Visual Studio 15
VisualStudioVersion = 15.0.27703.2000
MinimumVisualStudioVersion = 10.0.40219.1
Project("{8BC9CEB8-8B4A-11D0-8D11-00A0C91BC942}") = "CalculadoraSimples", "CalculadoraSimples\CalculadoraSimples.vcxproj", "{E87F25B4-F8F2-42EE-AB5F-C223BBA4602D}"
EndProject
Global
	GlobalSection(SolutionConfigurationPlatforms) = preSolution
		Debug|x64 = Debug|x64
		Debug|x86 = Debug|x86
		Release|x64 = Release|x64
		Release|x86 = Release|x86
	EndGlobalSection
	GlobalSection(ProjectConfigurationPlatforms) = postSolution
		{E87F25B4-F8F2-42EE-AB5F-C223BBA4602D}.Debug|x64.ActiveCfg = Debug|x64
		{E87F25B4-F8F2-42EE-AB5F-C223BBA4602D}.Debug|x64.Build.0 = Debug|x64
		{E87F25B4-F8F2-42EE-AB5F-C223BBA4602D}.Debug|x86.ActiveCfg = Debug|Win32
		{E87F25B4-F8F2-42EE-AB5F-C223BBA4602D}.Debug|x86.Build.0 = Debug|Win32
		{E87F25B4-F8F2-42EE-AB5F-C223BBA4602D}.Release|x64.ActiveCfg = Release|x64
		{E87F25B4-F8F2-42EE-AB5F-C223BBA4602D}.Release|x64.Build.0 = Release|x64
		{E87F25B4-F8F2-42EE-AB5F-C223BBA4602D}.Release|x86.ActiveCfg = Release|Win32
		{E87F25B4-F8F2-42EE-AB5F-C223BBA4602D}.Release|x86.Build.0 = Release|Win32
	EndGlobalSection
	GlobalSection(SolutionProperties) = preSolution
		HideSolutionNode = FALSE
	EndGlobalSection
	GlobalSection(ExtensibilityGlobals) = postSolution
		SolutionGuid = {0669E542-2FB5-4176-BC47-913A4F306B2E}
	EndGlobalSection
EndGlobal
