
Microsoft Visual Studio Solution File, Format Version 12.00
# Visual Studio 15
VisualStudioVersion = 15.0.26403.7
MinimumVisualStudioVersion = 10.0.40219.1
Project("{8BC9CEB8-8B4A-11D0-8D11-00A0C91BC942}") = "Exe1", "ListaExe\ListaExe.vcxproj", "{03AD3D81-3E95-47C0-A034-3CC306CCAE71}"
EndProject
Project("{8BC9CEB8-8B4A-11D0-8D11-00A0C91BC942}") = "Exe2", "Exe2\Exe2.vcxproj", "{5FEC19D3-5E1B-4212-A50D-A4F5FE7960EF}"
EndProject
Project("{8BC9CEB8-8B4A-11D0-8D11-00A0C91BC942}") = "Exe3", "Exe3\Exe3.vcxproj", "{58FE222D-CD27-483F-81F0-60205E9220A0}"
EndProject
Project("{8BC9CEB8-8B4A-11D0-8D11-00A0C91BC942}") = "Ponteiros", "Ponteiros\Ponteiros.vcxproj", "{87146901-C724-4A82-9ECB-09B1C5E6CF31}"
EndProject
Project("{8BC9CEB8-8B4A-11D0-8D11-00A0C91BC942}") = "TrocadePonteiros", "TrocadePonteiros\TrocadePonteiros.vcxproj", "{2A6AFC2D-3D8A-435E-B076-9ECAC8C72E93}"
EndProject
Project("{8BC9CEB8-8B4A-11D0-8D11-00A0C91BC942}") = "Ex14", "Ex14\Ex14.vcxproj", "{70E584B5-E61A-4A9E-962B-C57B6570C8DB}"
EndProject
Project("{8BC9CEB8-8B4A-11D0-8D11-00A0C91BC942}") = "Ex15", "Ex15\Ex15.vcxproj", "{3B367E0D-65CC-4C4C-81AE-628761C9893B}"
EndProject
Project("{8BC9CEB8-8B4A-11D0-8D11-00A0C91BC942}") = "Exe34", "Exe34\Exe34.vcxproj", "{6659C8A4-99F7-4864-811C-1E0C634A10FB}"
EndProject
Project("{8BC9CEB8-8B4A-11D0-8D11-00A0C91BC942}") = "Exe35", "Exe35\Exe35.vcxproj", "{867E739F-B8A7-4F39-A20A-46C2E7F0AD0D}"
EndProject
Project("{8BC9CEB8-8B4A-11D0-8D11-00A0C91BC942}") = "Exe36", "Exe36\Exe36.vcxproj", "{35601BC1-C5B8-4BC8-9DC9-D6F3B5D277E2}"
EndProject
Project("{8BC9CEB8-8B4A-11D0-8D11-00A0C91BC942}") = "Exe37", "Exe37\Exe37.vcxproj", "{0C3CCC20-71CF-4452-9C24-7C8698BA116D}"
EndProject
Project("{8BC9CEB8-8B4A-11D0-8D11-00A0C91BC942}") = "Exe38", "Exe38\Exe38.vcxproj", "{2B8452F1-E941-4186-9537-7ECC9DB3AFAE}"
EndProject
Project("{8BC9CEB8-8B4A-11D0-8D11-00A0C91BC942}") = "Exe40", "Exe40\Exe40.vcxproj", "{CF951D5D-C86D-47D4-82B5-9176B5E2848E}"
EndProject
Global
	GlobalSection(SolutionConfigurationPlatforms) = preSolution
		Debug|x64 = Debug|x64
		Debug|x86 = Debug|x86
		Release|x64 = Release|x64
		Release|x86 = Release|x86
	EndGlobalSection
	GlobalSection(ProjectConfigurationPlatforms) = postSolution
		{03AD3D81-3E95-47C0-A034-3CC306CCAE71}.Debug|x64.ActiveCfg = Debug|x64
		{03AD3D81-3E95-47C0-A034-3CC306CCAE71}.Debug|x64.Build.0 = Debug|x64
		{03AD3D81-3E95-47C0-A034-3CC306CCAE71}.Debug|x86.ActiveCfg = Debug|Win32
		{03AD3D81-3E95-47C0-A034-3CC306CCAE71}.Debug|x86.Build.0 = Debug|Win32
		{03AD3D81-3E95-47C0-A034-3CC306CCAE71}.Release|x64.ActiveCfg = Release|x64
		{03AD3D81-3E95-47C0-A034-3CC306CCAE71}.Release|x64.Build.0 = Release|x64
		{03AD3D81-3E95-47C0-A034-3CC306CCAE71}.Release|x86.ActiveCfg = Release|Win32
		{03AD3D81-3E95-47C0-A034-3CC306CCAE71}.Release|x86.Build.0 = Release|Win32
		{5FEC19D3-5E1B-4212-A50D-A4F5FE7960EF}.Debug|x64.ActiveCfg = Debug|x64
		{5FEC19D3-5E1B-4212-A50D-A4F5FE7960EF}.Debug|x64.Build.0 = Debug|x64
		{5FEC19D3-5E1B-4212-A50D-A4F5FE7960EF}.Debug|x86.ActiveCfg = Debug|Win32
		{5FEC19D3-5E1B-4212-A50D-A4F5FE7960EF}.Debug|x86.Build.0 = Debug|Win32
		{5FEC19D3-5E1B-4212-A50D-A4F5FE7960EF}.Release|x64.ActiveCfg = Release|x64
		{5FEC19D3-5E1B-4212-A50D-A4F5FE7960EF}.Release|x64.Build.0 = Release|x64
		{5FEC19D3-5E1B-4212-A50D-A4F5FE7960EF}.Release|x86.ActiveCfg = Release|Win32
		{5FEC19D3-5E1B-4212-A50D-A4F5FE7960EF}.Release|x86.Build.0 = Release|Win32
		{58FE222D-CD27-483F-81F0-60205E9220A0}.Debug|x64.ActiveCfg = Debug|x64
		{58FE222D-CD27-483F-81F0-60205E9220A0}.Debug|x64.Build.0 = Debug|x64
		{58FE222D-CD27-483F-81F0-60205E9220A0}.Debug|x86.ActiveCfg = Debug|Win32
		{58FE222D-CD27-483F-81F0-60205E9220A0}.Debug|x86.Build.0 = Debug|Win32
		{58FE222D-CD27-483F-81F0-60205E9220A0}.Release|x64.ActiveCfg = Release|x64
		{58FE222D-CD27-483F-81F0-60205E9220A0}.Release|x64.Build.0 = Release|x64
		{58FE222D-CD27-483F-81F0-60205E9220A0}.Release|x86.ActiveCfg = Release|Win32
		{58FE222D-CD27-483F-81F0-60205E9220A0}.Release|x86.Build.0 = Release|Win32
		{87146901-C724-4A82-9ECB-09B1C5E6CF31}.Debug|x64.ActiveCfg = Debug|x64
		{87146901-C724-4A82-9ECB-09B1C5E6CF31}.Debug|x64.Build.0 = Debug|x64
		{87146901-C724-4A82-9ECB-09B1C5E6CF31}.Debug|x86.ActiveCfg = Debug|Win32
		{87146901-C724-4A82-9ECB-09B1C5E6CF31}.Debug|x86.Build.0 = Debug|Win32
		{87146901-C724-4A82-9ECB-09B1C5E6CF31}.Release|x64.ActiveCfg = Release|x64
		{87146901-C724-4A82-9ECB-09B1C5E6CF31}.Release|x64.Build.0 = Release|x64
		{87146901-C724-4A82-9ECB-09B1C5E6CF31}.Release|x86.ActiveCfg = Release|Win32
		{87146901-C724-4A82-9ECB-09B1C5E6CF31}.Release|x86.Build.0 = Release|Win32
		{2A6AFC2D-3D8A-435E-B076-9ECAC8C72E93}.Debug|x64.ActiveCfg = Debug|x64
		{2A6AFC2D-3D8A-435E-B076-9ECAC8C72E93}.Debug|x64.Build.0 = Debug|x64
		{2A6AFC2D-3D8A-435E-B076-9ECAC8C72E93}.Debug|x86.ActiveCfg = Debug|Win32
		{2A6AFC2D-3D8A-435E-B076-9ECAC8C72E93}.Debug|x86.Build.0 = Debug|Win32
		{2A6AFC2D-3D8A-435E-B076-9ECAC8C72E93}.Release|x64.ActiveCfg = Release|x64
		{2A6AFC2D-3D8A-435E-B076-9ECAC8C72E93}.Release|x64.Build.0 = Release|x64
		{2A6AFC2D-3D8A-435E-B076-9ECAC8C72E93}.Release|x86.ActiveCfg = Release|Win32
		{2A6AFC2D-3D8A-435E-B076-9ECAC8C72E93}.Release|x86.Build.0 = Release|Win32
		{70E584B5-E61A-4A9E-962B-C57B6570C8DB}.Debug|x64.ActiveCfg = Debug|x64
		{70E584B5-E61A-4A9E-962B-C57B6570C8DB}.Debug|x64.Build.0 = Debug|x64
		{70E584B5-E61A-4A9E-962B-C57B6570C8DB}.Debug|x86.ActiveCfg = Debug|Win32
		{70E584B5-E61A-4A9E-962B-C57B6570C8DB}.Debug|x86.Build.0 = Debug|Win32
		{70E584B5-E61A-4A9E-962B-C57B6570C8DB}.Release|x64.ActiveCfg = Release|x64
		{70E584B5-E61A-4A9E-962B-C57B6570C8DB}.Release|x64.Build.0 = Release|x64
		{70E584B5-E61A-4A9E-962B-C57B6570C8DB}.Release|x86.ActiveCfg = Release|Win32
		{70E584B5-E61A-4A9E-962B-C57B6570C8DB}.Release|x86.Build.0 = Release|Win32
		{3B367E0D-65CC-4C4C-81AE-628761C9893B}.Debug|x64.ActiveCfg = Debug|x64
		{3B367E0D-65CC-4C4C-81AE-628761C9893B}.Debug|x64.Build.0 = Debug|x64
		{3B367E0D-65CC-4C4C-81AE-628761C9893B}.Debug|x86.ActiveCfg = Debug|Win32
		{3B367E0D-65CC-4C4C-81AE-628761C9893B}.Debug|x86.Build.0 = Debug|Win32
		{3B367E0D-65CC-4C4C-81AE-628761C9893B}.Release|x64.ActiveCfg = Release|x64
		{3B367E0D-65CC-4C4C-81AE-628761C9893B}.Release|x64.Build.0 = Release|x64
		{3B367E0D-65CC-4C4C-81AE-628761C9893B}.Release|x86.ActiveCfg = Release|Win32
		{3B367E0D-65CC-4C4C-81AE-628761C9893B}.Release|x86.Build.0 = Release|Win32
		{6659C8A4-99F7-4864-811C-1E0C634A10FB}.Debug|x64.ActiveCfg = Debug|x64
		{6659C8A4-99F7-4864-811C-1E0C634A10FB}.Debug|x64.Build.0 = Debug|x64
		{6659C8A4-99F7-4864-811C-1E0C634A10FB}.Debug|x86.ActiveCfg = Debug|Win32
		{6659C8A4-99F7-4864-811C-1E0C634A10FB}.Debug|x86.Build.0 = Debug|Win32
		{6659C8A4-99F7-4864-811C-1E0C634A10FB}.Release|x64.ActiveCfg = Release|x64
		{6659C8A4-99F7-4864-811C-1E0C634A10FB}.Release|x64.Build.0 = Release|x64
		{6659C8A4-99F7-4864-811C-1E0C634A10FB}.Release|x86.ActiveCfg = Release|Win32
		{6659C8A4-99F7-4864-811C-1E0C634A10FB}.Release|x86.Build.0 = Release|Win32
		{867E739F-B8A7-4F39-A20A-46C2E7F0AD0D}.Debug|x64.ActiveCfg = Debug|x64
		{867E739F-B8A7-4F39-A20A-46C2E7F0AD0D}.Debug|x64.Build.0 = Debug|x64
		{867E739F-B8A7-4F39-A20A-46C2E7F0AD0D}.Debug|x86.ActiveCfg = Debug|Win32
		{867E739F-B8A7-4F39-A20A-46C2E7F0AD0D}.Debug|x86.Build.0 = Debug|Win32
		{867E739F-B8A7-4F39-A20A-46C2E7F0AD0D}.Release|x64.ActiveCfg = Release|x64
		{867E739F-B8A7-4F39-A20A-46C2E7F0AD0D}.Release|x64.Build.0 = Release|x64
		{867E739F-B8A7-4F39-A20A-46C2E7F0AD0D}.Release|x86.ActiveCfg = Release|Win32
		{867E739F-B8A7-4F39-A20A-46C2E7F0AD0D}.Release|x86.Build.0 = Release|Win32
		{35601BC1-C5B8-4BC8-9DC9-D6F3B5D277E2}.Debug|x64.ActiveCfg = Debug|x64
		{35601BC1-C5B8-4BC8-9DC9-D6F3B5D277E2}.Debug|x64.Build.0 = Debug|x64
		{35601BC1-C5B8-4BC8-9DC9-D6F3B5D277E2}.Debug|x86.ActiveCfg = Debug|Win32
		{35601BC1-C5B8-4BC8-9DC9-D6F3B5D277E2}.Debug|x86.Build.0 = Debug|Win32
		{35601BC1-C5B8-4BC8-9DC9-D6F3B5D277E2}.Release|x64.ActiveCfg = Release|x64
		{35601BC1-C5B8-4BC8-9DC9-D6F3B5D277E2}.Release|x64.Build.0 = Release|x64
		{35601BC1-C5B8-4BC8-9DC9-D6F3B5D277E2}.Release|x86.ActiveCfg = Release|Win32
		{35601BC1-C5B8-4BC8-9DC9-D6F3B5D277E2}.Release|x86.Build.0 = Release|Win32
		{0C3CCC20-71CF-4452-9C24-7C8698BA116D}.Debug|x64.ActiveCfg = Debug|x64
		{0C3CCC20-71CF-4452-9C24-7C8698BA116D}.Debug|x64.Build.0 = Debug|x64
		{0C3CCC20-71CF-4452-9C24-7C8698BA116D}.Debug|x86.ActiveCfg = Debug|Win32
		{0C3CCC20-71CF-4452-9C24-7C8698BA116D}.Debug|x86.Build.0 = Debug|Win32
		{0C3CCC20-71CF-4452-9C24-7C8698BA116D}.Release|x64.ActiveCfg = Release|x64
		{0C3CCC20-71CF-4452-9C24-7C8698BA116D}.Release|x64.Build.0 = Release|x64
		{0C3CCC20-71CF-4452-9C24-7C8698BA116D}.Release|x86.ActiveCfg = Release|Win32
		{0C3CCC20-71CF-4452-9C24-7C8698BA116D}.Release|x86.Build.0 = Release|Win32
		{2B8452F1-E941-4186-9537-7ECC9DB3AFAE}.Debug|x64.ActiveCfg = Debug|x64
		{2B8452F1-E941-4186-9537-7ECC9DB3AFAE}.Debug|x64.Build.0 = Debug|x64
		{2B8452F1-E941-4186-9537-7ECC9DB3AFAE}.Debug|x86.ActiveCfg = Debug|Win32
		{2B8452F1-E941-4186-9537-7ECC9DB3AFAE}.Debug|x86.Build.0 = Debug|Win32
		{2B8452F1-E941-4186-9537-7ECC9DB3AFAE}.Release|x64.ActiveCfg = Release|x64
		{2B8452F1-E941-4186-9537-7ECC9DB3AFAE}.Release|x64.Build.0 = Release|x64
		{2B8452F1-E941-4186-9537-7ECC9DB3AFAE}.Release|x86.ActiveCfg = Release|Win32
		{2B8452F1-E941-4186-9537-7ECC9DB3AFAE}.Release|x86.Build.0 = Release|Win32
		{CF951D5D-C86D-47D4-82B5-9176B5E2848E}.Debug|x64.ActiveCfg = Debug|x64
		{CF951D5D-C86D-47D4-82B5-9176B5E2848E}.Debug|x64.Build.0 = Debug|x64
		{CF951D5D-C86D-47D4-82B5-9176B5E2848E}.Debug|x86.ActiveCfg = Debug|Win32
		{CF951D5D-C86D-47D4-82B5-9176B5E2848E}.Debug|x86.Build.0 = Debug|Win32
		{CF951D5D-C86D-47D4-82B5-9176B5E2848E}.Release|x64.ActiveCfg = Release|x64
		{CF951D5D-C86D-47D4-82B5-9176B5E2848E}.Release|x64.Build.0 = Release|x64
		{CF951D5D-C86D-47D4-82B5-9176B5E2848E}.Release|x86.ActiveCfg = Release|Win32
		{CF951D5D-C86D-47D4-82B5-9176B5E2848E}.Release|x86.Build.0 = Release|Win32
	EndGlobalSection
	GlobalSection(SolutionProperties) = preSolution
		HideSolutionNode = FALSE
	EndGlobalSection
EndGlobal
