
Microsoft Visual Studio Solution File, Format Version 12.00
# Visual Studio 15
VisualStudioVersion = 15.0.27703.2000
MinimumVisualStudioVersion = 10.0.40219.1
Project("{8BC9CEB8-8B4A-11D0-8D11-00A0C91BC942}") = "ConsoleApplication2", "ConsoleApplication2\ConsoleApplication2.vcxproj", "{C2FA3226-EC51-42DA-BE01-7F9E21E486C2}"
EndProject
Global
	GlobalSection(SolutionConfigurationPlatforms) = preSolution
		Debug|x64 = Debug|x64
		Debug|x86 = Debug|x86
		Release|x64 = Release|x64
		Release|x86 = Release|x86
	EndGlobalSection
	GlobalSection(ProjectConfigurationPlatforms) = postSolution
		{C2FA3226-EC51-42DA-BE01-7F9E21E486C2}.Debug|x64.ActiveCfg = Debug|x64
		{C2FA3226-EC51-42DA-BE01-7F9E21E486C2}.Debug|x64.Build.0 = Debug|x64
		{C2FA3226-EC51-42DA-BE01-7F9E21E486C2}.Debug|x86.ActiveCfg = Debug|Win32
		{C2FA3226-EC51-42DA-BE01-7F9E21E486C2}.Debug|x86.Build.0 = Debug|Win32
		{C2FA3226-EC51-42DA-BE01-7F9E21E486C2}.Release|x64.ActiveCfg = Release|x64
		{C2FA3226-EC51-42DA-BE01-7F9E21E486C2}.Release|x64.Build.0 = Release|x64
		{C2FA3226-EC51-42DA-BE01-7F9E21E486C2}.Release|x86.ActiveCfg = Release|Win32
		{C2FA3226-EC51-42DA-BE01-7F9E21E486C2}.Release|x86.Build.0 = Release|Win32
	EndGlobalSection
	GlobalSection(SolutionProperties) = preSolution
		HideSolutionNode = FALSE
	EndGlobalSection
	GlobalSection(ExtensibilityGlobals) = postSolution
		SolutionGuid = {8F4D4652-1120-42B2-9915-E5C8A62C1CB4}
	EndGlobalSection
EndGlobal
